// !$*UTF8*$!
{
	archiveVersion = 1;
	classes = {
	};
	objectVersion = 77;
	objects = {

/* Begin PBXBuildFile section */
		AB0CCE062E915D1F00064C79 /* Kingfisher in Frameworks */ = {isa = PBXBuildFile; productRef = AB0CCE052E915D1F00064C79 /* Kingfisher */; };
		ABFBEE3E2E88A49B00DE9AFD /* FirebaseAuth in Frameworks */ = {isa = PBXBuildFile; productRef = ABFBEE3D2E88A49B00DE9AFD /* FirebaseAuth */; };
		ABFBEE402E88A49B00DE9AFD /* FirebaseFirestore in Frameworks */ = {isa = PBXBuildFile; productRef = ABFBEE3F2E88A49B00DE9AFD /* FirebaseFirestore */; };
		ABFBEE422E88A49B00DE9AFD /* FirebaseStorage in Frameworks */ = {isa = PBXBuildFile; productRef = ABFBEE412E88A49B00DE9AFD /* FirebaseStorage */; };
		ABFBEE442E88A5C800DE9AFD /* FirebaseAI in Frameworks */ = {isa = PBXBuildFile; productRef = ABFBEE432E88A5C800DE9AFD /* FirebaseAI */; };
		ABFBEE462E88A5C800DE9AFD /* FirebaseAnalytics in Frameworks */ = {isa = PBXBuildFile; productRef = ABFBEE452E88A5C800DE9AFD /* FirebaseAnalytics */; };
		ABFBEE482E88A5C800DE9AFD /* FirebaseAnalyticsCore in Frameworks */ = {isa = PBXBuildFile; productRef = ABFBEE472E88A5C800DE9AFD /* FirebaseAnalyticsCore */; };
		ABFBEE4A2E88A5C800DE9AFD /* FirebaseAnalyticsIdentitySupport in Frameworks */ = {isa = PBXBuildFile; productRef = ABFBEE492E88A5C800DE9AFD /* FirebaseAnalyticsIdentitySupport */; };
		ABFBEE4C2E88A5C800DE9AFD /* FirebaseAppCheck in Frameworks */ = {isa = PBXBuildFile; productRef = ABFBEE4B2E88A5C800DE9AFD /* FirebaseAppCheck */; };
		ABFBEE4E2E88A5C800DE9AFD /* FirebaseAppDistribution-Beta in Frameworks */ = {isa = PBXBuildFile; productRef = ABFBEE4D2E88A5C800DE9AFD /* FirebaseAppDistribution-Beta */; };
		ABFBEE502E88A5C800DE9AFD /* FirebaseAuthCombine-Community in Frameworks */ = {isa = PBXBuildFile; productRef = ABFBEE4F2E88A5C800DE9AFD /* FirebaseAuthCombine-Community */; };
		ABFBEE522E88A5C800DE9AFD /* FirebaseCore in Frameworks */ = {isa = PBXBuildFile; productRef = ABFBEE512E88A5C800DE9AFD /* FirebaseCore */; };
		ABFBEE542E88A5C800DE9AFD /* FirebaseCrashlytics in Frameworks */ = {isa = PBXBuildFile; productRef = ABFBEE532E88A5C800DE9AFD /* FirebaseCrashlytics */; };
		ABFBEE562E88A5C800DE9AFD /* FirebaseDatabase in Frameworks */ = {isa = PBXBuildFile; productRef = ABFBEE552E88A5C800DE9AFD /* FirebaseDatabase */; };
		ABFBEE582E88A5C800DE9AFD /* FirebaseFirestoreCombine-Community in Frameworks */ = {isa = PBXBuildFile; productRef = ABFBEE572E88A5C800DE9AFD /* FirebaseFirestoreCombine-Community */; };
		ABFBEE5A2E88A5C800DE9AFD /* FirebaseFunctions in Frameworks */ = {isa = PBXBuildFile; productRef = ABFBEE592E88A5C800DE9AFD /* FirebaseFunctions */; };
		ABFBEE5C2E88A5C800DE9AFD /* FirebaseFunctionsCombine-Community in Frameworks */ = {isa = PBXBuildFile; productRef = ABFBEE5B2E88A5C800DE9AFD /* FirebaseFunctionsCombine-Community */; };
		ABFBEE5E2E88A5C800DE9AFD /* FirebaseInAppMessaging-Beta in Frameworks */ = {isa = PBXBuildFile; productRef = ABFBEE5D2E88A5C800DE9AFD /* FirebaseInAppMessaging-Beta */; };
		ABFBEE602E88A5C800DE9AFD /* FirebaseInstallations in Frameworks */ = {isa = PBXBuildFile; productRef = ABFBEE5F2E88A5C800DE9AFD /* FirebaseInstallations */; };
		ABFBEE622E88A5C800DE9AFD /* FirebaseMLModelDownloader in Frameworks */ = {isa = PBXBuildFile; productRef = ABFBEE612E88A5C800DE9AFD /* FirebaseMLModelDownloader */; };
		ABFBEE642E88A5C800DE9AFD /* FirebaseMessaging in Frameworks */ = {isa = PBXBuildFile; productRef = ABFBEE632E88A5C800DE9AFD /* FirebaseMessaging */; };
/* End PBXBuildFile section */

/* Begin PBXContainerItemProxy section */
		AB8139A02E82E45C003619FD /* PBXContainerItemProxy */ = {
			isa = PBXContainerItemProxy;
			containerPortal = AB8139872E82E45B003619FD /* Project object */;
			proxyType = 1;
			remoteGlobalIDString = AB81398E2E82E45B003619FD;
			remoteInfo = ThreadsCloneSwiftUI;
		};
		AB8139AA2E82E45C003619FD /* PBXContainerItemProxy */ = {
			isa = PBXContainerItemProxy;
			containerPortal = AB8139872E82E45B003619FD /* Project object */;
			proxyType = 1;
			remoteGlobalIDString = AB81398E2E82E45B003619FD;
			remoteInfo = ThreadsCloneSwiftUI;
		};
/* End PBXContainerItemProxy section */

/* Begin PBXFileReference section */
		AB81398F2E82E45B003619FD /* ThreadsCloneSwiftUI.app */ = {isa = PBXFileReference; explicitFileType = wrapper.application; includeInIndex = 0; path = ThreadsCloneSwiftUI.app; sourceTree = BUILT_PRODUCTS_DIR; };
		AB81399F2E82E45C003619FD /* ThreadsCloneSwiftUITests.xctest */ = {isa = PBXFileReference; explicitFileType = wrapper.cfbundle; includeInIndex = 0; path = ThreadsCloneSwiftUITests.xctest; sourceTree = BUILT_PRODUCTS_DIR; };
		AB8139A92E82E45C003619FD /* ThreadsCloneSwiftUIUITests.xctest */ = {isa = PBXFileReference; explicitFileType = wrapper.cfbundle; includeInIndex = 0; path = ThreadsCloneSwiftUIUITests.xctest; sourceTree = BUILT_PRODUCTS_DIR; };
/* End PBXFileReference section */

/* Begin PBXFileSystemSynchronizedRootGroup section */
		AB8139912E82E45B003619FD /* ThreadsCloneSwiftUI */ = {
			isa = PBXFileSystemSynchronizedRootGroup;
			path = ThreadsCloneSwiftUI;
			sourceTree = "<group>";
		};
		AB8139A22E82E45C003619FD /* ThreadsCloneSwiftUITests */ = {
			isa = PBXFileSystemSynchronizedRootGroup;
			path = ThreadsCloneSwiftUITests;
			sourceTree = "<group>";
		};
		AB8139AC2E82E45C003619FD /* ThreadsCloneSwiftUIUITests */ = {
			isa = PBXFileSystemSynchronizedRootGroup;
			path = ThreadsCloneSwiftUIUITests;
			sourceTree = "<group>";
		};
/* End PBXFileSystemSynchronizedRootGroup section */

/* Begin PBXFrameworksBuildPhase section */
		AB81398C2E82E45B003619FD /* Frameworks */ = {
			isa = PBXFrameworksBuildPhase;
			buildActionMask = 2147483647;
			files = (
				ABFBEE562E88A5C800DE9AFD /* FirebaseDatabase in Frameworks */,
				ABFBEE4C2E88A5C800DE9AFD /* FirebaseAppCheck in Frameworks */,
				ABFBEE3E2E88A49B00DE9AFD /* FirebaseAuth in Frameworks */,
				ABFBEE602E88A5C800DE9AFD /* FirebaseInstallations in Frameworks */,
				ABFBEE522E88A5C800DE9AFD /* FirebaseCore in Frameworks */,
				ABFBEE482E88A5C800DE9AFD /* FirebaseAnalyticsCore in Frameworks */,
				ABFBEE5E2E88A5C800DE9AFD /* FirebaseInAppMessaging-Beta in Frameworks */,
				ABFBEE442E88A5C800DE9AFD /* FirebaseAI in Frameworks */,
				ABFBEE4A2E88A5C800DE9AFD /* FirebaseAnalyticsIdentitySupport in Frameworks */,
				AB0CCE062E915D1F00064C79 /* Kingfisher in Frameworks */,
				ABFBEE5C2E88A5C800DE9AFD /* FirebaseFunctionsCombine-Community in Frameworks */,
				ABFBEE402E88A49B00DE9AFD /* FirebaseFirestore in Frameworks */,
				ABFBEE462E88A5C800DE9AFD /* FirebaseAnalytics in Frameworks */,
				ABFBEE642E88A5C800DE9AFD /* FirebaseMessaging in Frameworks */,
				ABFBEE622E88A5C800DE9AFD /* FirebaseMLModelDownloader in Frameworks */,
				ABFBEE422E88A49B00DE9AFD /* FirebaseStorage in Frameworks */,
				ABFBEE542E88A5C800DE9AFD /* FirebaseCrashlytics in Frameworks */,
				ABFBEE4E2E88A5C800DE9AFD /* FirebaseAppDistribution-Beta in Frameworks */,
				ABFBEE5A2E88A5C800DE9AFD /* FirebaseFunctions in Frameworks */,
				ABFBEE502E88A5C800DE9AFD /* FirebaseAuthCombine-Community in Frameworks */,
				ABFBEE582E88A5C800DE9AFD /* FirebaseFirestoreCombine-Community in Frameworks */,
			);
			runOnlyForDeploymentPostprocessing = 0;
		};
		AB81399C2E82E45C003619FD /* Frameworks */ = {
			isa = PBXFrameworksBuildPhase;
			buildActionMask = 2147483647;
			files = (
			);
			runOnlyForDeploymentPostprocessing = 0;
		};
		AB8139A62E82E45C003619FD /* Frameworks */ = {
			isa = PBXFrameworksBuildPhase;
			buildActionMask = 2147483647;
			files = (
			);
			runOnlyForDeploymentPostprocessing = 0;
		};
/* End PBXFrameworksBuildPhase section */

/* Begin PBXGroup section */
		AB572A4B2E9E5D4500FEF9A4 /* Frameworks */ = {
			isa = PBXGroup;
			children = (
			);
			name = Frameworks;
			sourceTree = "<group>";
		};
		AB8139862E82E45A003619FD = {
			isa = PBXGroup;
			children = (
				AB8139912E82E45B003619FD /* ThreadsCloneSwiftUI */,
				AB8139A22E82E45C003619FD /* ThreadsCloneSwiftUITests */,
				AB8139AC2E82E45C003619FD /* ThreadsCloneSwiftUIUITests */,
				AB572A4B2E9E5D4500FEF9A4 /* Frameworks */,
				AB8139902E82E45B003619FD /* Products */,
			);
			sourceTree = "<group>";
		};
		AB8139902E82E45B003619FD /* Products */ = {
			isa = PBXGroup;
			children = (
				AB81398F2E82E45B003619FD /* ThreadsCloneSwiftUI.app */,
				AB81399F2E82E45C003619FD /* ThreadsCloneSwiftUITests.xctest */,
				AB8139A92E82E45C003619FD /* ThreadsCloneSwiftUIUITests.xctest */,
			);
			name = Products;
			sourceTree = "<group>";
		};
/* End PBXGroup section */

/* Begin PBXNativeTarget section */
		AB81398E2E82E45B003619FD /* ThreadsCloneSwiftUI */ = {
			isa = PBXNativeTarget;
			buildConfigurationList = AB8139B32E82E45C003619FD /* Build configuration list for PBXNativeTarget "ThreadsCloneSwiftUI" */;
			buildPhases = (
				AB81398B2E82E45B003619FD /* Sources */,
				AB81398C2E82E45B003619FD /* Frameworks */,
				AB81398D2E82E45B003619FD /* Resources */,
			);
			buildRules = (
			);
			dependencies = (
			);
			fileSystemSynchronizedGroups = (
				AB8139912E82E45B003619FD /* ThreadsCloneSwiftUI */,
			);
			name = ThreadsCloneSwiftUI;
			packageProductDependencies = (
				ABFBEE3D2E88A49B00DE9AFD /* FirebaseAuth */,
				ABFBEE3F2E88A49B00DE9AFD /* FirebaseFirestore */,
				ABFBEE412E88A49B00DE9AFD /* FirebaseStorage */,
				ABFBEE432E88A5C800DE9AFD /* FirebaseAI */,
				ABFBEE452E88A5C800DE9AFD /* FirebaseAnalytics */,
				ABFBEE472E88A5C800DE9AFD /* FirebaseAnalyticsCore */,
				ABFBEE492E88A5C800DE9AFD /* FirebaseAnalyticsIdentitySupport */,
				ABFBEE4B2E88A5C800DE9AFD /* FirebaseAppCheck */,
				ABFBEE4D2E88A5C800DE9AFD /* FirebaseAppDistribution-Beta */,
				ABFBEE4F2E88A5C800DE9AFD /* FirebaseAuthCombine-Community */,
				ABFBEE512E88A5C800DE9AFD /* FirebaseCore */,
				ABFBEE532E88A5C800DE9AFD /* FirebaseCrashlytics */,
				ABFBEE552E88A5C800DE9AFD /* FirebaseDatabase */,
				ABFBEE572E88A5C800DE9AFD /* FirebaseFirestoreCombine-Community */,
				ABFBEE592E88A5C800DE9AFD /* FirebaseFunctions */,
				ABFBEE5B2E88A5C800DE9AFD /* FirebaseFunctionsCombine-Community */,
				ABFBEE5D2E88A5C800DE9AFD /* FirebaseInAppMessaging-Beta */,
				ABFBEE5F2E88A5C800DE9AFD /* FirebaseInstallations */,
				ABFBEE612E88A5C800DE9AFD /* FirebaseMLModelDownloader */,
				ABFBEE632E88A5C800DE9AFD /* FirebaseMessaging */,
				AB0CCE052E915D1F00064C79 /* Kingfisher */,
			);
			productName = ThreadsCloneSwiftUI;
			productReference = AB81398F2E82E45B003619FD /* ThreadsCloneSwiftUI.app */;
			productType = "com.apple.product-type.application";
		};
		AB81399E2E82E45C003619FD /* ThreadsCloneSwiftUITests */ = {
			isa = PBXNativeTarget;
			buildConfigurationList = AB8139B62E82E45C003619FD /* Build configuration list for PBXNativeTarget "ThreadsCloneSwiftUITests" */;
			buildPhases = (
				AB81399B2E82E45C003619FD /* Sources */,
				AB81399C2E82E45C003619FD /* Frameworks */,
				AB81399D2E82E45C003619FD /* Resources */,
			);
			buildRules = (
			);
			dependencies = (
				AB8139A12E82E45C003619FD /* PBXTargetDependency */,
			);
			fileSystemSynchronizedGroups = (
				AB8139A22E82E45C003619FD /* ThreadsCloneSwiftUITests */,
			);
			name = ThreadsCloneSwiftUITests;
			packageProductDependencies = (
			);
			productName = ThreadsCloneSwiftUITests;
			productReference = AB81399F2E82E45C003619FD /* ThreadsCloneSwiftUITests.xctest */;
			productType = "com.apple.product-type.bundle.unit-test";
		};
		AB8139A82E82E45C003619FD /* ThreadsCloneSwiftUIUITests */ = {
			isa = PBXNativeTarget;
			buildConfigurationList = AB8139B92E82E45C003619FD /* Build configuration list for PBXNativeTarget "ThreadsCloneSwiftUIUITests" */;
			buildPhases = (
				AB8139A52E82E45C003619FD /* Sources */,
				AB8139A62E82E45C003619FD /* Frameworks */,
				AB8139A72E82E45C003619FD /* Resources */,
			);
			buildRules = (
			);
			dependencies = (
				AB8139AB2E82E45C003619FD /* PBXTargetDependency */,
			);
			fileSystemSynchronizedGroups = (
				AB8139AC2E82E45C003619FD /* ThreadsCloneSwiftUIUITests */,
			);
			name = ThreadsCloneSwiftUIUITests;
			packageProductDependencies = (
			);
			productName = ThreadsCloneSwiftUIUITests;
			productReference = AB8139A92E82E45C003619FD /* ThreadsCloneSwiftUIUITests.xctest */;
			productType = "com.apple.product-type.bundle.ui-testing";
		};
/* End PBXNativeTarget section */

/* Begin PBXProject section */
		AB8139872E82E45B003619FD /* Project object */ = {
			isa = PBXProject;
			attributes = {
				BuildIndependentTargetsInParallel = 1;
				LastSwiftUpdateCheck = 1620;
				LastUpgradeCheck = 1620;
				TargetAttributes = {
					AB81398E2E82E45B003619FD = {
						CreatedOnToolsVersion = 16.2;
					};
					AB81399E2E82E45C003619FD = {
						CreatedOnToolsVersion = 16.2;
						TestTargetID = AB81398E2E82E45B003619FD;
					};
					AB8139A82E82E45C003619FD = {
						CreatedOnToolsVersion = 16.2;
						TestTargetID = AB81398E2E82E45B003619FD;
					};
				};
			};
			buildConfigurationList = AB81398A2E82E45B003619FD /* Build configuration list for PBXProject "ThreadsCloneSwiftUI" */;
			developmentRegion = en;
			hasScannedForEncodings = 0;
			knownRegions = (
				en,
				Base,
			);
			mainGroup = AB8139862E82E45A003619FD;
			minimizedProjectReferenceProxies = 1;
			packageReferences = (
				ABFBEDF82E889F5300DE9AFD /* XCRemoteSwiftPackageReference "firebase-ios-sdk" */,
				AB0CCE042E915D1F00064C79 /* XCRemoteSwiftPackageReference "kingfisher" */,
			);
			preferredProjectObjectVersion = 77;
			productRefGroup = AB8139902E82E45B003619FD /* Products */;
			projectDirPath = "";
			projectRoot = "";
			targets = (
				AB81398E2E82E45B003619FD /* ThreadsCloneSwiftUI */,
				AB81399E2E82E45C003619FD /* ThreadsCloneSwiftUITests */,
				AB8139A82E82E45C003619FD /* ThreadsCloneSwiftUIUITests */,
			);
		};
/* End PBXProject section */

/* Begin PBXResourcesBuildPhase section */
		AB81398D2E82E45B003619FD /* Resources */ = {
			isa = PBXResourcesBuildPhase;
			buildActionMask = 2147483647;
			files = (
			);
			runOnlyForDeploymentPostprocessing = 0;
		};
		AB81399D2E82E45C003619FD /* Resources */ = {
			isa = PBXResourcesBuildPhase;
			buildActionMask = 2147483647;
			files = (
			);
			runOnlyForDeploymentPostprocessing = 0;
		};
		AB8139A72E82E45C003619FD /* Resources */ = {
			isa = PBXResourcesBuildPhase;
			buildActionMask = 2147483647;
			files = (
			);
			runOnlyForDeploymentPostprocessing = 0;
		};
/* End PBXResourcesBuildPhase section */

/* Begin PBXSourcesBuildPhase section */
		AB81398B2E82E45B003619FD /* Sources */ = {
			isa = PBXSourcesBuildPhase;
			buildActionMask = 2147483647;
			files = (
			);
			runOnlyForDeploymentPostprocessing = 0;
		};
		AB81399B2E82E45C003619FD /* Sources */ = {
			isa = PBXSourcesBuildPhase;
			buildActionMask = 2147483647;
			files = (
			);
			runOnlyForDeploymentPostprocessing = 0;
		};
		AB8139A52E82E45C003619FD /* Sources */ = {
			isa = PBXSourcesBuildPhase;
			buildActionMask = 2147483647;
			files = (
			);
			runOnlyForDeploymentPostprocessing = 0;
		};
/* End PBXSourcesBuildPhase section */

/* Begin PBXTargetDependency section */
		AB8139A12E82E45C003619FD /* PBXTargetDependency */ = {
			isa = PBXTargetDependency;
			target = AB81398E2E82E45B003619FD /* ThreadsCloneSwiftUI */;
			targetProxy = AB8139A02E82E45C003619FD /* PBXContainerItemProxy */;
		};
		AB8139AB2E82E45C003619FD /* PBXTargetDependency */ = {
			isa = PBXTargetDependency;
			target = AB81398E2E82E45B003619FD /* ThreadsCloneSwiftUI */;
			targetProxy = AB8139AA2E82E45C003619FD /* PBXContainerItemProxy */;
		};
/* End PBXTargetDependency section */

/* Begin XCBuildConfiguration section */
		AB8139B12E82E45C003619FD /* Debug */ = {
			isa = XCBuildConfiguration;
			buildSettings = {
				ALWAYS_SEARCH_USER_PATHS = NO;
				ASSETCATALOG_COMPILER_GENERATE_SWIFT_ASSET_SYMBOL_EXTENSIONS = YES;
				CLANG_ANALYZER_NONNULL = YES;
				CLANG_ANALYZER_NUMBER_OBJECT_CONVERSION = YES_AGGRESSIVE;
				CLANG_CXX_LANGUAGE_STANDARD = "gnu++20";
				CLANG_ENABLE_MODULES = YES;
				CLANG_ENABLE_OBJC_ARC = YES;
				CLANG_ENABLE_OBJC_WEAK = YES;
				CLANG_WARN_BLOCK_CAPTURE_AUTORELEASING = YES;
				CLANG_WARN_BOOL_CONVERSION = YES;
				CLANG_WARN_COMMA = YES;
				CLANG_WARN_CONSTANT_CONVERSION = YES;
				CLANG_WARN_DEPRECATED_OBJC_IMPLEMENTATIONS = YES;
				CLANG_WARN_DIRECT_OBJC_ISA_USAGE = YES_ERROR;
				CLANG_WARN_DOCUMENTATION_COMMENTS = YES;
				CLANG_WARN_EMPTY_BODY = YES;
				CLANG_WARN_ENUM_CONVERSION = YES;
				CLANG_WARN_INFINITE_RECURSION = YES;
				CLANG_WARN_INT_CONVERSION = YES;
				CLANG_WARN_NON_LITERAL_NULL_CONVERSION = YES;
				CLANG_WARN_OBJC_IMPLICIT_RETAIN_SELF = YES;
				CLANG_WARN_OBJC_LITERAL_CONVERSION = YES;
				CLANG_WARN_OBJC_ROOT_CLASS = YES_ERROR;
				CLANG_WARN_QUOTED_INCLUDE_IN_FRAMEWORK_HEADER = YES;
				CLANG_WARN_RANGE_LOOP_ANALYSIS = YES;
				CLANG_WARN_STRICT_PROTOTYPES = YES;
				CLANG_WARN_SUSPICIOUS_MOVE = YES;
				CLANG_WARN_UNGUARDED_AVAILABILITY = YES_AGGRESSIVE;
				CLANG_WARN_UNREACHABLE_CODE = YES;
				CLANG_WARN__DUPLICATE_METHOD_MATCH = YES;
				COPY_PHASE_STRIP = NO;
				DEBUG_INFORMATION_FORMAT = dwarf;
				ENABLE_STRICT_OBJC_MSGSEND = YES;
				ENABLE_TESTABILITY = YES;
				ENABLE_USER_SCRIPT_SANDBOXING = YES;
				GCC_C_LANGUAGE_STANDARD = gnu17;
				GCC_DYNAMIC_NO_PIC = NO;
				GCC_NO_COMMON_BLOCKS = YES;
				GCC_OPTIMIZATION_LEVEL = 0;
				GCC_PREPROCESSOR_DEFINITIONS = (
					"DEBUG=1",
					"$(inherited)",
				);
				GCC_WARN_64_TO_32_BIT_CONVERSION = YES;
				GCC_WARN_ABOUT_RETURN_TYPE = YES_ERROR;
				GCC_WARN_UNDECLARED_SELECTOR = YES;
				GCC_WARN_UNINITIALIZED_AUTOS = YES_AGGRESSIVE;
				GCC_WARN_UNUSED_FUNCTION = YES;
				GCC_WARN_UNUSED_VARIABLE = YES;
				IPHONEOS_DEPLOYMENT_TARGET = 18.2;
				LOCALIZATION_PREFERS_STRING_CATALOGS = YES;
				MTL_ENABLE_DEBUG_INFO = INCLUDE_SOURCE;
				MTL_FAST_MATH = YES;
				ONLY_ACTIVE_ARCH = YES;
				SDKROOT = iphoneos;
				SWIFT_ACTIVE_COMPILATION_CONDITIONS = "DEBUG $(inherited)";
				SWIFT_OPTIMIZATION_LEVEL = "-Onone";
			};
			name = Debug;
		};
		AB8139B22E82E45C003619FD /* Release */ = {
			isa = XCBuildConfiguration;
			buildSettings = {
				ALWAYS_SEARCH_USER_PATHS = NO;
				ASSETCATALOG_COMPILER_GENERATE_SWIFT_ASSET_SYMBOL_EXTENSIONS = YES;
				CLANG_ANALYZER_NONNULL = YES;
				CLANG_ANALYZER_NUMBER_OBJECT_CONVERSION = YES_AGGRESSIVE;
				CLANG_CXX_LANGUAGE_STANDARD = "gnu++20";
				CLANG_ENABLE_MODULES = YES;
				CLANG_ENABLE_OBJC_ARC = YES;
				CLANG_ENABLE_OBJC_WEAK = YES;
				CLANG_WARN_BLOCK_CAPTURE_AUTORELEASING = YES;
				CLANG_WARN_BOOL_CONVERSION = YES;
				CLANG_WARN_COMMA = YES;
				CLANG_WARN_CONSTANT_CONVERSION = YES;
				CLANG_WARN_DEPRECATED_OBJC_IMPLEMENTATIONS = YES;
				CLANG_WARN_DIRECT_OBJC_ISA_USAGE = YES_ERROR;
				CLANG_WARN_DOCUMENTATION_COMMENTS = YES;
				CLANG_WARN_EMPTY_BODY = YES;
				CLANG_WARN_ENUM_CONVERSION = YES;
				CLANG_WARN_INFINITE_RECURSION = YES;
				CLANG_WARN_INT_CONVERSION = YES;
				CLANG_WARN_NON_LITERAL_NULL_CONVERSION = YES;
				CLANG_WARN_OBJC_IMPLICIT_RETAIN_SELF = YES;
				CLANG_WARN_OBJC_LITERAL_CONVERSION = YES;
				CLANG_WARN_OBJC_ROOT_CLASS = YES_ERROR;
				CLANG_WARN_QUOTED_INCLUDE_IN_FRAMEWORK_HEADER = YES;
				CLANG_WARN_RANGE_LOOP_ANALYSIS = YES;
				CLANG_WARN_STRICT_PROTOTYPES = YES;
				CLANG_WARN_SUSPICIOUS_MOVE = YES;
				CLANG_WARN_UNGUARDED_AVAILABILITY = YES_AGGRESSIVE;
				CLANG_WARN_UNREACHABLE_CODE = YES;
				CLANG_WARN__DUPLICATE_METHOD_MATCH = YES;
				COPY_PHASE_STRIP = NO;
				DEBUG_INFORMATION_FORMAT = "dwarf-with-dsym";
				ENABLE_NS_ASSERTIONS = NO;
				ENABLE_STRICT_OBJC_MSGSEND = YES;
				ENABLE_USER_SCRIPT_SANDBOXING = YES;
				GCC_C_LANGUAGE_STANDARD = gnu17;
				GCC_NO_COMMON_BLOCKS = YES;
				GCC_WARN_64_TO_32_BIT_CONVERSION = YES;
				GCC_WARN_ABOUT_RETURN_TYPE = YES_ERROR;
				GCC_WARN_UNDECLARED_SELECTOR = YES;
				GCC_WARN_UNINITIALIZED_AUTOS = YES_AGGRESSIVE;
				GCC_WARN_UNUSED_FUNCTION = YES;
				GCC_WARN_UNUSED_VARIABLE = YES;
				IPHONEOS_DEPLOYMENT_TARGET = 18.2;
				LOCALIZATION_PREFERS_STRING_CATALOGS = YES;
				MTL_ENABLE_DEBUG_INFO = NO;
				MTL_FAST_MATH = YES;
				SDKROOT = iphoneos;
				SWIFT_COMPILATION_MODE = wholemodule;
				VALIDATE_PRODUCT = YES;
			};
			name = Release;
		};
		AB8139B42E82E45C003619FD /* Debug */ = {
			isa = XCBuildConfiguration;
			buildSettings = {
				ASSETCATALOG_COMPILER_APPICON_NAME = AppIcon;
				ASSETCATALOG_COMPILER_GLOBAL_ACCENT_COLOR_NAME = AccentColor;
				CODE_SIGN_STYLE = Automatic;
				CURRENT_PROJECT_VERSION = 1;
				DEVELOPMENT_ASSET_PATHS = "\"ThreadsCloneSwiftUI/Preview Content\"";
				DEVELOPMENT_TEAM = YFWL4NVW8K;
				ENABLE_PREVIEWS = YES;
				GENERATE_INFOPLIST_FILE = YES;
				INFOPLIST_KEY_UIApplicationSceneManifest_Generation = YES;
				INFOPLIST_KEY_UIApplicationSupportsIndirectInputEvents = YES;
				INFOPLIST_KEY_UILaunchScreen_Generation = YES;
				INFOPLIST_KEY_UISupportedInterfaceOrientations_iPad = "UIInterfaceOrientationPortrait UIInterfaceOrientationPortraitUpsideDown UIInterfaceOrientationLandscapeLeft UIInterfaceOrientationLandscapeRight";
				INFOPLIST_KEY_UISupportedInterfaceOrientations_iPhone = "UIInterfaceOrientationPortrait UIInterfaceOrientationLandscapeLeft UIInterfaceOrientationLandscapeRight";
				LD_RUNPATH_SEARCH_PATHS = (
					"$(inherited)",
					"@executable_path/Frameworks",
				);
				MARKETING_VERSION = 1.0;
				PRODUCT_BUNDLE_IDENTIFIER = flarevix.ThreadsCloneSwiftUI;
				PRODUCT_NAME = "$(TARGET_NAME)";
				SWIFT_EMIT_LOC_STRINGS = YES;
				SWIFT_VERSION = 5.0;
				TARGETED_DEVICE_FAMILY = "1,2";
			};
			name = Debug;
		};
		AB8139B52E82E45C003619FD /* Release */ = {
			isa = XCBuildConfiguration;
			buildSettings = {
				ASSETCATALOG_COMPILER_APPICON_NAME = AppIcon;
				ASSETCATALOG_COMPILER_GLOBAL_ACCENT_COLOR_NAME = AccentColor;
				CODE_SIGN_STYLE = Automatic;
				CURRENT_PROJECT_VERSION = 1;
				DEVELOPMENT_ASSET_PATHS = "\"ThreadsCloneSwiftUI/Preview Content\"";
				DEVELOPMENT_TEAM = YFWL4NVW8K;
				ENABLE_PREVIEWS = YES;
				GENERATE_INFOPLIST_FILE = YES;
				INFOPLIST_KEY_UIApplicationSceneManifest_Generation = YES;
				INFOPLIST_KEY_UIApplicationSupportsIndirectInputEvents = YES;
				INFOPLIST_KEY_UILaunchScreen_Generation = YES;
				INFOPLIST_KEY_UISupportedInterfaceOrientations_iPad = "UIInterfaceOrientationPortrait UIInterfaceOrientationPortraitUpsideDown UIInterfaceOrientationLandscapeLeft UIInterfaceOrientationLandscapeRight";
				INFOPLIST_KEY_UISupportedInterfaceOrientations_iPhone = "UIInterfaceOrientationPortrait UIInterfaceOrientationLandscapeLeft UIInterfaceOrientationLandscapeRight";
				LD_RUNPATH_SEARCH_PATHS = (
					"$(inherited)",
					"@executable_path/Frameworks",
				);
				MARKETING_VERSION = 1.0;
				PRODUCT_BUNDLE_IDENTIFIER = flarevix.ThreadsCloneSwiftUI;
				PRODUCT_NAME = "$(TARGET_NAME)";
				SWIFT_EMIT_LOC_STRINGS = YES;
				SWIFT_VERSION = 5.0;
				TARGETED_DEVICE_FAMILY = "1,2";
			};
			name = Release;
		};
		AB8139B72E82E45C003619FD /* Debug */ = {
			isa = XCBuildConfiguration;
			buildSettings = {
				BUNDLE_LOADER = "$(TEST_HOST)";
				CODE_SIGN_STYLE = Automatic;
				CURRENT_PROJECT_VERSION = 1;
				DEVELOPMENT_TEAM = YFWL4NVW8K;
				GENERATE_INFOPLIST_FILE = YES;
				IPHONEOS_DEPLOYMENT_TARGET = 18.2;
				MARKETING_VERSION = 1.0;
				PRODUCT_BUNDLE_IDENTIFIER = flarevix.ThreadsCloneSwiftUITests;
				PRODUCT_NAME = "$(TARGET_NAME)";
				SWIFT_EMIT_LOC_STRINGS = NO;
				SWIFT_VERSION = 5.0;
				TARGETED_DEVICE_FAMILY = "1,2";
				TEST_HOST = "$(BUILT_PRODUCTS_DIR)/ThreadsCloneSwiftUI.app/$(BUNDLE_EXECUTABLE_FOLDER_PATH)/ThreadsCloneSwiftUI";
			};
			name = Debug;
		};
		AB8139B82E82E45C003619FD /* Release */ = {
			isa = XCBuildConfiguration;
			buildSettings = {
				BUNDLE_LOADER = "$(TEST_HOST)";
				CODE_SIGN_STYLE = Automatic;
				CURRENT_PROJECT_VERSION = 1;
				DEVELOPMENT_TEAM = YFWL4NVW8K;
				GENERATE_INFOPLIST_FILE = YES;
				IPHONEOS_DEPLOYMENT_TARGET = 18.2;
				MARKETING_VERSION = 1.0;
				PRODUCT_BUNDLE_IDENTIFIER = flarevix.ThreadsCloneSwiftUITests;
				PRODUCT_NAME = "$(TARGET_NAME)";
				SWIFT_EMIT_LOC_STRINGS = NO;
				SWIFT_VERSION = 5.0;
				TARGETED_DEVICE_FAMILY = "1,2";
				TEST_HOST = "$(BUILT_PRODUCTS_DIR)/ThreadsCloneSwiftUI.app/$(BUNDLE_EXECUTABLE_FOLDER_PATH)/ThreadsCloneSwiftUI";
			};
			name = Release;
		};
		AB8139BA2E82E45C003619FD /* Debug */ = {
			isa = XCBuildConfiguration;
			buildSettings = {
				CODE_SIGN_STYLE = Automatic;
				CURRENT_PROJECT_VERSION = 1;
				DEVELOPMENT_TEAM = YFWL4NVW8K;
				GENERATE_INFOPLIST_FILE = YES;
				MARKETING_VERSION = 1.0;
				PRODUCT_BUNDLE_IDENTIFIER = flarevix.ThreadsCloneSwiftUIUITests;
				PRODUCT_NAME = "$(TARGET_NAME)";
				SWIFT_EMIT_LOC_STRINGS = NO;
				SWIFT_VERSION = 5.0;
				TARGETED_DEVICE_FAMILY = "1,2";
				TEST_TARGET_NAME = ThreadsCloneSwiftUI;
			};
			name = Debug;
		};
		AB8139BB2E82E45C003619FD /* Release */ = {
			isa = XCBuildConfiguration;
			buildSettings = {
				CODE_SIGN_STYLE = Automatic;
				CURRENT_PROJECT_VERSION = 1;
				DEVELOPMENT_TEAM = YFWL4NVW8K;
				GENERATE_INFOPLIST_FILE = YES;
				MARKETING_VERSION = 1.0;
				PRODUCT_BUNDLE_IDENTIFIER = flarevix.ThreadsCloneSwiftUIUITests;
				PRODUCT_NAME = "$(TARGET_NAME)";
				SWIFT_EMIT_LOC_STRINGS = NO;
				SWIFT_VERSION = 5.0;
				TARGETED_DEVICE_FAMILY = "1,2";
				TEST_TARGET_NAME = ThreadsCloneSwiftUI;
			};
			name = Release;
		};
/* End XCBuildConfiguration section */

/* Begin XCConfigurationList section */
		AB81398A2E82E45B003619FD /* Build configuration list for PBXProject "ThreadsCloneSwiftUI" */ = {
			isa = XCConfigurationList;
			buildConfigurations = (
				AB8139B12E82E45C003619FD /* Debug */,
				AB8139B22E82E45C003619FD /* Release */,
			);
			defaultConfigurationIsVisible = 0;
			defaultConfigurationName = Release;
		};
		AB8139B32E82E45C003619FD /* Build configuration list for PBXNativeTarget "ThreadsCloneSwiftUI" */ = {
			isa = XCConfigurationList;
			buildConfigurations = (
				AB8139B42E82E45C003619FD /* Debug */,
				AB8139B52E82E45C003619FD /* Release */,
			);
			defaultConfigurationIsVisible = 0;
			defaultConfigurationName = Release;
		};
		AB8139B62E82E45C003619FD /* Build configuration list for PBXNativeTarget "ThreadsCloneSwiftUITests" */ = {
			isa = XCConfigurationList;
			buildConfigurations = (
				AB8139B72E82E45C003619FD /* Debug */,
				AB8139B82E82E45C003619FD /* Release */,
			);
			defaultConfigurationIsVisible = 0;
			defaultConfigurationName = Release;
		};
		AB8139B92E82E45C003619FD /* Build configuration list for PBXNativeTarget "ThreadsCloneSwiftUIUITests" */ = {
			isa = XCConfigurationList;
			buildConfigurations = (
				AB8139BA2E82E45C003619FD /* Debug */,
				AB8139BB2E82E45C003619FD /* Release */,
			);
			defaultConfigurationIsVisible = 0;
			defaultConfigurationName = Release;
		};
/* End XCConfigurationList section */

/* Begin XCRemoteSwiftPackageReference section */
		AB0CCE042E915D1F00064C79 /* XCRemoteSwiftPackageReference "kingfisher" */ = {
			isa = XCRemoteSwiftPackageReference;
			repositoryURL = "https://github.com/onevcat/kingfisher";
			requirement = {
				kind = upToNextMajorVersion;
				minimumVersion = 8.5.0;
			};
		};
		ABFBEDF82E889F5300DE9AFD /* XCRemoteSwiftPackageReference "firebase-ios-sdk" */ = {
			isa = XCRemoteSwiftPackageReference;
			repositoryURL = "https://github.com/firebase/firebase-ios-sdk";
			requirement = {
				kind = upToNextMajorVersion;
				minimumVersion = 12.3.0;
			};
		};
/* End XCRemoteSwiftPackageReference section */

/* Begin XCSwiftPackageProductDependency section */
		AB0CCE052E915D1F00064C79 /* Kingfisher */ = {
			isa = XCSwiftPackageProductDependency;
			package = AB0CCE042E915D1F00064C79 /* XCRemoteSwiftPackageReference "kingfisher" */;
			productName = Kingfisher;
		};
		ABFBEE3D2E88A49B00DE9AFD /* FirebaseAuth */ = {
			isa = XCSwiftPackageProductDependency;
			package = ABFBEDF82E889F5300DE9AFD /* XCRemoteSwiftPackageReference "firebase-ios-sdk" */;
			productName = FirebaseAuth;
		};
		ABFBEE3F2E88A49B00DE9AFD /* FirebaseFirestore */ = {
			isa = XCSwiftPackageProductDependency;
			package = ABFBEDF82E889F5300DE9AFD /* XCRemoteSwiftPackageReference "firebase-ios-sdk" */;
			productName = FirebaseFirestore;
		};
		ABFBEE412E88A49B00DE9AFD /* FirebaseStorage */ = {
			isa = XCSwiftPackageProductDependency;
			package = ABFBEDF82E889F5300DE9AFD /* XCRemoteSwiftPackageReference "firebase-ios-sdk" */;
			productName = FirebaseStorage;
		};
		ABFBEE432E88A5C800DE9AFD /* FirebaseAI */ = {
			isa = XCSwiftPackageProductDependency;
			package = ABFBEDF82E889F5300DE9AFD /* XCRemoteSwiftPackageReference "firebase-ios-sdk" */;
			productName = FirebaseAI;
		};
		ABFBEE452E88A5C800DE9AFD /* FirebaseAnalytics */ = {
			isa = XCSwiftPackageProductDependency;
			package = ABFBEDF82E889F5300DE9AFD /* XCRemoteSwiftPackageReference "firebase-ios-sdk" */;
			productName = FirebaseAnalytics;
		};
		ABFBEE472E88A5C800DE9AFD /* FirebaseAnalyticsCore */ = {
			isa = XCSwiftPackageProductDependency;
			package = ABFBEDF82E889F5300DE9AFD /* XCRemoteSwiftPackageReference "firebase-ios-sdk" */;
			productName = FirebaseAnalyticsCore;
		};
		ABFBEE492E88A5C800DE9AFD /* FirebaseAnalyticsIdentitySupport */ = {
			isa = XCSwiftPackageProductDependency;
			package = ABFBEDF82E889F5300DE9AFD /* XCRemoteSwiftPackageReference "firebase-ios-sdk" */;
			productName = FirebaseAnalyticsIdentitySupport;
		};
		ABFBEE4B2E88A5C800DE9AFD /* FirebaseAppCheck */ = {
			isa = XCSwiftPackageProductDependency;
			package = ABFBEDF82E889F5300DE9AFD /* XCRemoteSwiftPackageReference "firebase-ios-sdk" */;
			productName = FirebaseAppCheck;
		};
		ABFBEE4D2E88A5C800DE9AFD /* FirebaseAppDistribution-Beta */ = {
			isa = XCSwiftPackageProductDependency;
			package = ABFBEDF82E889F5300DE9AFD /* XCRemoteSwiftPackageReference "firebase-ios-sdk" */;
			productName = "FirebaseAppDistribution-Beta";
		};
		ABFBEE4F2E88A5C800DE9AFD /* FirebaseAuthCombine-Community */ = {
			isa = XCSwiftPackageProductDependency;
			package = ABFBEDF82E889F5300DE9AFD /* XCRemoteSwiftPackageReference "firebase-ios-sdk" */;
			productName = "FirebaseAuthCombine-Community";
		};
		ABFBEE512E88A5C800DE9AFD /* FirebaseCore */ = {
			isa = XCSwiftPackageProductDependency;
			package = ABFBEDF82E889F5300DE9AFD /* XCRemoteSwiftPackageReference "firebase-ios-sdk" */;
			productName = FirebaseCore;
		};
		ABFBEE532E88A5C800DE9AFD /* FirebaseCrashlytics */ = {
			isa = XCSwiftPackageProductDependency;
			package = ABFBEDF82E889F5300DE9AFD /* XCRemoteSwiftPackageReference "firebase-ios-sdk" */;
			productName = FirebaseCrashlytics;
		};
		ABFBEE552E88A5C800DE9AFD /* FirebaseDatabase */ = {
			isa = XCSwiftPackageProductDependency;
			package = ABFBEDF82E889F5300DE9AFD /* XCRemoteSwiftPackageReference "firebase-ios-sdk" */;
			productName = FirebaseDatabase;
		};
		ABFBEE572E88A5C800DE9AFD /* FirebaseFirestoreCombine-Community */ = {
			isa = XCSwiftPackageProductDependency;
			package = ABFBEDF82E889F5300DE9AFD /* XCRemoteSwiftPackageReference "firebase-ios-sdk" */;
			productName = "FirebaseFirestoreCombine-Community";
		};
		ABFBEE592E88A5C800DE9AFD /* FirebaseFunctions */ = {
			isa = XCSwiftPackageProductDependency;
			package = ABFBEDF82E889F5300DE9AFD /* XCRemoteSwiftPackageReference "firebase-ios-sdk" */;
			productName = FirebaseFunctions;
		};
		ABFBEE5B2E88A5C800DE9AFD /* FirebaseFunctionsCombine-Community */ = {
			isa = XCSwiftPackageProductDependency;
			package = ABFBEDF82E889F5300DE9AFD /* XCRemoteSwiftPackageReference "firebase-ios-sdk" */;
			productName = "FirebaseFunctionsCombine-Community";
		};
		ABFBEE5D2E88A5C800DE9AFD /* FirebaseInAppMessaging-Beta */ = {
			isa = XCSwiftPackageProductDependency;
			package = ABFBEDF82E889F5300DE9AFD /* XCRemoteSwiftPackageReference "firebase-ios-sdk" */;
			productName = "FirebaseInAppMessaging-Beta";
		};
		ABFBEE5F2E88A5C800DE9AFD /* FirebaseInstallations */ = {
			isa = XCSwiftPackageProductDependency;
			package = ABFBEDF82E889F5300DE9AFD /* XCRemoteSwiftPackageReference "firebase-ios-sdk" */;
			productName = FirebaseInstallations;
		};
		ABFBEE612E88A5C800DE9AFD /* FirebaseMLModelDownloader */ = {
			isa = XCSwiftPackageProductDependency;
			package = ABFBEDF82E889F5300DE9AFD /* XCRemoteSwiftPackageReference "firebase-ios-sdk" */;
			productName = FirebaseMLModelDownloader;
		};
		ABFBEE632E88A5C800DE9AFD /* FirebaseMessaging */ = {
			isa = XCSwiftPackageProductDependency;
			package = ABFBEDF82E889F5300DE9AFD /* XCRemoteSwiftPackageReference "firebase-ios-sdk" */;
			productName = FirebaseMessaging;
		};
/* End XCSwiftPackageProductDependency section */
	};
	rootObject = AB8139872E82E45B003619FD /* Project object */;
}
